// !$*UTF8*$!
{
	archiveVersion = 1;
	classes = {
	};
	objectVersion = 56;
	objects = {

/* Begin PBXBuildFile section */
		AD3B51BF2BCFAA1800834D0A /* PredatorMap.swift in Sources */ = {isa = PBXBuildFile; fileRef = AD3B51BE2BCFAA1800834D0A /* PredatorMap.swift */; };
		AD3B51C52BCFB86700834D0A /* Stickers.xcassets in Resources */ = {isa = PBXBuildFile; fileRef = AD3B51C42BCFB86700834D0A /* Stickers.xcassets */; };
		AD3B51C92BCFB86700834D0A /* ApexStickers.appex in Embed Foundation Extensions */ = {isa = PBXBuildFile; fileRef = AD3B51C22BCFB86500834D0A /* ApexStickers.appex */; settings = {ATTRIBUTES = (RemoveHeadersOnCopy, ); }; };
		AD5E1D852BC7A9C200D9A69A /* JPApexPredators17App.swift in Sources */ = {isa = PBXBuildFile; fileRef = AD5E1D842BC7A9C200D9A69A /* JPApexPredators17App.swift */; };
		AD5E1D872BC7A9C200D9A69A /* ContentView.swift in Sources */ = {isa = PBXBuildFile; fileRef = AD5E1D862BC7A9C200D9A69A /* ContentView.swift */; };
		AD5E1D892BC7A9C400D9A69A /* Assets.xcassets in Resources */ = {isa = PBXBuildFile; fileRef = AD5E1D882BC7A9C400D9A69A /* Assets.xcassets */; };
		AD5E1D8C2BC7A9C400D9A69A /* Preview Assets.xcassets in Resources */ = {isa = PBXBuildFile; fileRef = AD5E1D8B2BC7A9C400D9A69A /* Preview Assets.xcassets */; };
		AD5E1D932BC7AB0100D9A69A /* jpapexpredators.json in Resources */ = {isa = PBXBuildFile; fileRef = AD5E1D922BC7AB0100D9A69A /* jpapexpredators.json */; };
		AD5E1D952BC7B02800D9A69A /* ApexPredator.swift in Sources */ = {isa = PBXBuildFile; fileRef = AD5E1D942BC7B02800D9A69A /* ApexPredator.swift */; };
		AD5E1D972BC7B68E00D9A69A /* Predators.swift in Sources */ = {isa = PBXBuildFile; fileRef = AD5E1D962BC7B68E00D9A69A /* Predators.swift */; };
		ADDC002D2BCD31C8002B064F /* PredatorDetail.swift in Sources */ = {isa = PBXBuildFile; fileRef = ADDC002C2BCD31C8002B064F /* PredatorDetail.swift */; };
/* End PBXBuildFile section */

/* Begin PBXContainerItemProxy section */
		AD3B51C72BCFB86700834D0A /* PBXContainerItemProxy */ = {
			isa = PBXContainerItemProxy;
			containerPortal = AD5E1D792BC7A9C200D9A69A /* Project object */;
			proxyType = 1;
			remoteGlobalIDString = AD3B51C12BCFB86500834D0A;
			remoteInfo = ApexStickers;
		};
/* End PBXContainerItemProxy section */

/* Begin PBXCopyFilesBuildPhase section */
		AD3B51CD2BCFB86700834D0A /* Embed Foundation Extensions */ = {
			isa = PBXCopyFilesBuildPhase;
			buildActionMask = 2147483647;
			dstPath = "";
			dstSubfolderSpec = 13;
			files = (
				AD3B51C92BCFB86700834D0A /* ApexStickers.appex in Embed Foundation Extensions */,
			);
			name = "Embed Foundation Extensions";
			runOnlyForDeploymentPostprocessing = 0;
		};
/* End PBXCopyFilesBuildPhase section */

/* Begin PBXFileReference section */
		AD3B51BE2BCFAA1800834D0A /* PredatorMap.swift */ = {isa = PBXFileReference; lastKnownFileType = sourcecode.swift; path = PredatorMap.swift; sourceTree = "<group>"; };
		AD3B51C22BCFB86500834D0A /* ApexStickers.appex */ = {isa = PBXFileReference; explicitFileType = "wrapper.app-extension"; includeInIndex = 0; path = ApexStickers.appex; sourceTree = BUILT_PRODUCTS_DIR; };
		AD3B51C42BCFB86700834D0A /* Stickers.xcassets */ = {isa = PBXFileReference; lastKnownFileType = folder.assetcatalog; path = Stickers.xcassets; sourceTree = "<group>"; };
		AD3B51C62BCFB86700834D0A /* Info.plist */ = {isa = PBXFileReference; lastKnownFileType = text.plist.xml; path = Info.plist; sourceTree = "<group>"; };
		AD5E1D812BC7A9C200D9A69A /* JPApexPredators17.app */ = {isa = PBXFileReference; explicitFileType = wrapper.application; includeInIndex = 0; path = JPApexPredators17.app; sourceTree = BUILT_PRODUCTS_DIR; };
		AD5E1D842BC7A9C200D9A69A /* JPApexPredators17App.swift */ = {isa = PBXFileReference; lastKnownFileType = sourcecode.swift; path = JPApexPredators17App.swift; sourceTree = "<group>"; };
		AD5E1D862BC7A9C200D9A69A /* ContentView.swift */ = {isa = PBXFileReference; lastKnownFileType = sourcecode.swift; path = ContentView.swift; sourceTree = "<group>"; };
		AD5E1D882BC7A9C400D9A69A /* Assets.xcassets */ = {isa = PBXFileReference; lastKnownFileType = folder.assetcatalog; path = Assets.xcassets; sourceTree = "<group>"; };
		AD5E1D8B2BC7A9C400D9A69A /* Preview Assets.xcassets */ = {isa = PBXFileReference; lastKnownFileType = folder.assetcatalog; path = "Preview Assets.xcassets"; sourceTree = "<group>"; };
		AD5E1D922BC7AB0100D9A69A /* jpapexpredators.json */ = {isa = PBXFileReference; fileEncoding = 4; lastKnownFileType = text.json; path = jpapexpredators.json; sourceTree = "<group>"; };
		AD5E1D942BC7B02800D9A69A /* ApexPredator.swift */ = {isa = PBXFileReference; lastKnownFileType = sourcecode.swift; path = ApexPredator.swift; sourceTree = "<group>"; };
		AD5E1D962BC7B68E00D9A69A /* Predators.swift */ = {isa = PBXFileReference; lastKnownFileType = sourcecode.swift; path = Predators.swift; sourceTree = "<group>"; };
		ADDC002C2BCD31C8002B064F /* PredatorDetail.swift */ = {isa = PBXFileReference; lastKnownFileType = sourcecode.swift; path = PredatorDetail.swift; sourceTree = "<group>"; };
/* End PBXFileReference section */

/* Begin PBXFrameworksBuildPhase section */
		AD5E1D7E2BC7A9C200D9A69A /* Frameworks */ = {
			isa = PBXFrameworksBuildPhase;
			buildActionMask = 2147483647;
			files = (
			);
			runOnlyForDeploymentPostprocessing = 0;
		};
/* End PBXFrameworksBuildPhase section */

/* Begin PBXGroup section */
		AD3B51C32BCFB86500834D0A /* ApexStickers */ = {
			isa = PBXGroup;
			children = (
				AD3B51C42BCFB86700834D0A /* Stickers.xcassets */,
				AD3B51C62BCFB86700834D0A /* Info.plist */,
			);
			path = ApexStickers;
			sourceTree = "<group>";
		};
		AD5E1D782BC7A9C200D9A69A = {
			isa = PBXGroup;
			children = (
				AD5E1D832BC7A9C200D9A69A /* JPApexPredators17 */,
				AD3B51C32BCFB86500834D0A /* ApexStickers */,
				AD5E1D822BC7A9C200D9A69A /* Products */,
			);
			sourceTree = "<group>";
		};
		AD5E1D822BC7A9C200D9A69A /* Products */ = {
			isa = PBXGroup;
			children = (
				AD5E1D812BC7A9C200D9A69A /* JPApexPredators17.app */,
				AD3B51C22BCFB86500834D0A /* ApexStickers.appex */,
			);
			name = Products;
			sourceTree = "<group>";
		};
		AD5E1D832BC7A9C200D9A69A /* JPApexPredators17 */ = {
			isa = PBXGroup;
			children = (
				AD5E1D842BC7A9C200D9A69A /* JPApexPredators17App.swift */,
				AD5E1D862BC7A9C200D9A69A /* ContentView.swift */,
				ADDC002C2BCD31C8002B064F /* PredatorDetail.swift */,
				AD3B51BE2BCFAA1800834D0A /* PredatorMap.swift */,
				AD5E1D942BC7B02800D9A69A /* ApexPredator.swift */,
				AD5E1D962BC7B68E00D9A69A /* Predators.swift */,
				AD5E1D922BC7AB0100D9A69A /* jpapexpredators.json */,
				AD5E1D882BC7A9C400D9A69A /* Assets.xcassets */,
				AD5E1D8A2BC7A9C400D9A69A /* Preview Content */,
			);
			path = JPApexPredators17;
			sourceTree = "<group>";
		};
		AD5E1D8A2BC7A9C400D9A69A /* Preview Content */ = {
			isa = PBXGroup;
			children = (
				AD5E1D8B2BC7A9C400D9A69A /* Preview Assets.xcassets */,
			);
			path = "Preview Content";
			sourceTree = "<group>";
		};
/* End PBXGroup section */

/* Begin PBXNativeTarget section */
		AD3B51C12BCFB86500834D0A /* ApexStickers */ = {
			isa = PBXNativeTarget;
			buildConfigurationList = AD3B51CA2BCFB86700834D0A /* Build configuration list for PBXNativeTarget "ApexStickers" */;
			buildPhases = (
				AD3B51C02BCFB86500834D0A /* Resources */,
			);
			buildRules = (
			);
			dependencies = (
			);
			name = ApexStickers;
			productName = ApexStickers;
			productReference = AD3B51C22BCFB86500834D0A /* ApexStickers.appex */;
			productType = "com.apple.product-type.app-extension.messages-sticker-pack";
		};
		AD5E1D802BC7A9C200D9A69A /* JPApexPredators17 */ = {
			isa = PBXNativeTarget;
			buildConfigurationList = AD5E1D8F2BC7A9C400D9A69A /* Build configuration list for PBXNativeTarget "JPApexPredators17" */;
			buildPhases = (
				AD5E1D7D2BC7A9C200D9A69A /* Sources */,
				AD5E1D7E2BC7A9C200D9A69A /* Frameworks */,
				AD5E1D7F2BC7A9C200D9A69A /* Resources */,
				AD3B51CD2BCFB86700834D0A /* Embed Foundation Extensions */,
			);
			buildRules = (
			);
			dependencies = (
				AD3B51C82BCFB86700834D0A /* PBXTargetDependency */,
			);
			name = JPApexPredators17;
			productName = JPApexPredators17;
			productReference = AD5E1D812BC7A9C200D9A69A /* JPApexPredators17.app */;
			productType = "com.apple.product-type.application";
		};
/* End PBXNativeTarget section */

/* Begin PBXProject section */
		AD5E1D792BC7A9C200D9A69A /* Project object */ = {
			isa = PBXProject;
			attributes = {
				BuildIndependentTargetsInParallel = 1;
				LastSwiftUpdateCheck = 1520;
				LastUpgradeCheck = 1520;
				TargetAttributes = {
					AD3B51C12BCFB86500834D0A = {
						CreatedOnToolsVersion = 15.2;
					};
					AD5E1D802BC7A9C200D9A69A = {
						CreatedOnToolsVersion = 15.2;
					};
				};
			};
			buildConfigurationList = AD5E1D7C2BC7A9C200D9A69A /* Build configuration list for PBXProject "JPApexPredators17" */;
			compatibilityVersion = "Xcode 14.0";
			developmentRegion = en;
			hasScannedForEncodings = 0;
			knownRegions = (
				en,
				Base,
			);
			mainGroup = AD5E1D782BC7A9C200D9A69A;
			productRefGroup = AD5E1D822BC7A9C200D9A69A /* Products */;
			projectDirPath = "";
			projectRoot = "";
			targets = (
				AD5E1D802BC7A9C200D9A69A /* JPApexPredators17 */,
				AD3B51C12BCFB86500834D0A /* ApexStickers */,
			);
		};
/* End PBXProject section */

/* Begin PBXResourcesBuildPhase section */
		AD3B51C02BCFB86500834D0A /* Resources */ = {
			isa = PBXResourcesBuildPhase;
			buildActionMask = 2147483647;
			files = (
				AD3B51C52BCFB86700834D0A /* Stickers.xcassets in Resources */,
			);
			runOnlyForDeploymentPostprocessing = 0;
		};
		AD5E1D7F2BC7A9C200D9A69A /* Resources */ = {
			isa = PBXResourcesBuildPhase;
			buildActionMask = 2147483647;
			files = (
				AD5E1D8C2BC7A9C400D9A69A /* Preview Assets.xcassets in Resources */,
				AD5E1D892BC7A9C400D9A69A /* Assets.xcassets in Resources */,
				AD5E1D932BC7AB0100D9A69A /* jpapexpredators.json in Resources */,
			);
			runOnlyForDeploymentPostprocessing = 0;
		};
/* End PBXResourcesBuildPhase section */

/* Begin PBXSourcesBuildPhase section */
		AD5E1D7D2BC7A9C200D9A69A /* Sources */ = {
			isa = PBXSourcesBuildPhase;
			buildActionMask = 2147483647;
			files = (
				AD5E1D952BC7B02800D9A69A /* ApexPredator.swift in Sources */,
				AD3B51BF2BCFAA1800834D0A /* PredatorMap.swift in Sources */,
				AD5E1D872BC7A9C200D9A69A /* ContentView.swift in Sources */,
				ADDC002D2BCD31C8002B064F /* PredatorDetail.swift in Sources */,
				AD5E1D972BC7B68E00D9A69A /* Predators.swift in Sources */,
				AD5E1D852BC7A9C200D9A69A /* JPApexPredators17App.swift in Sources */,
			);
			runOnlyForDeploymentPostprocessing = 0;
		};
/* End PBXSourcesBuildPhase section */

/* Begin PBXTargetDependency section */
		AD3B51C82BCFB86700834D0A /* PBXTargetDependency */ = {
			isa = PBXTargetDependency;
			target = AD3B51C12BCFB86500834D0A /* ApexStickers */;
			targetProxy = AD3B51C72BCFB86700834D0A /* PBXContainerItemProxy */;
		};
/* End PBXTargetDependency section */

/* Begin XCBuildConfiguration section */
		AD3B51CB2BCFB86700834D0A /* Debug */ = {
			isa = XCBuildConfiguration;
			buildSettings = {
				ASSETCATALOG_COMPILER_APPICON_NAME = "iMessage App Icon";
				CODE_SIGN_STYLE = Automatic;
				CURRENT_PROJECT_VERSION = 1;
				GENERATE_INFOPLIST_FILE = YES;
				INFOPLIST_FILE = ApexStickers/Info.plist;
				INFOPLIST_KEY_NSStickerSharingLevel = OS;
				MARKETING_VERSION = 1.0;
				PRODUCT_BUNDLE_IDENTIFIER = com.akapps.JPApexPredators17.ApexStickers;
				PRODUCT_NAME = "$(TARGET_NAME)";
				SKIP_INSTALL = YES;
				SWIFT_EMIT_LOC_STRINGS = YES;
				TARGETED_DEVICE_FAMILY = "1,2";
			};
			name = Debug;
		};
		AD3B51CC2BCFB86700834D0A /* Release */ = {
			isa = XCBuildConfiguration;
			buildSettings = {
				ASSETCATALOG_COMPILER_APPICON_NAME = "iMessage App Icon";
				CODE_SIGN_STYLE = Automatic;
				CURRENT_PROJECT_VERSION = 1;
				GENERATE_INFOPLIST_FILE = YES;
				INFOPLIST_FILE = ApexStickers/Info.plist;
				INFOPLIST_KEY_NSStickerSharingLevel = OS;
				MARKETING_VERSION = 1.0;
				PRODUCT_BUNDLE_IDENTIFIER = com.akapps.JPApexPredators17.ApexStickers;
				PRODUCT_NAME = "$(TARGET_NAME)";
				SKIP_INSTALL = YES;
				SWIFT_EMIT_LOC_STRINGS = YES;
				TARGETED_DEVICE_FAMILY = "1,2";
			};
			name = Release;
		};
		AD5E1D8D2BC7A9C400D9A69A /* Debug */ = {
			isa = XCBuildConfiguration;
			buildSettings = {
				ALWAYS_SEARCH_USER_PATHS = NO;
				ASSETCATALOG_COMPILER_GENERATE_SWIFT_ASSET_SYMBOL_EXTENSIONS = YES;
				CLANG_ANALYZER_NONNULL = YES;
				CLANG_ANALYZER_NUMBER_OBJECT_CONVERSION = YES_AGGRESSIVE;
				CLANG_CXX_LANGUAGE_STANDARD = "gnu++20";
				CLANG_ENABLE_MODULES = YES;
				CLANG_ENABLE_OBJC_ARC = YES;
				CLANG_ENABLE_OBJC_WEAK = YES;
				CLANG_WARN_BLOCK_CAPTURE_AUTORELEASING = YES;
				CLANG_WARN_BOOL_CONVERSION = YES;
				CLANG_WARN_COMMA = YES;
				CLANG_WARN_CONSTANT_CONVERSION = YES;
				CLANG_WARN_DEPRECATED_OBJC_IMPLEMENTATIONS = YES;
				CLANG_WARN_DIRECT_OBJC_ISA_USAGE = YES_ERROR;
				CLANG_WARN_DOCUMENTATION_COMMENTS = YES;
				CLANG_WARN_EMPTY_BODY = YES;
				CLANG_WARN_ENUM_CONVERSION = YES;
				CLANG_WARN_INFINITE_RECURSION = YES;
				CLANG_WARN_INT_CONVERSION = YES;
				CLANG_WARN_NON_LITERAL_NULL_CONVERSION = YES;
				CLANG_WARN_OBJC_IMPLICIT_RETAIN_SELF = YES;
				CLANG_WARN_OBJC_LITERAL_CONVERSION = YES;
				CLANG_WARN_OBJC_ROOT_CLASS = YES_ERROR;
				CLANG_WARN_QUOTED_INCLUDE_IN_FRAMEWORK_HEADER = YES;
				CLANG_WARN_RANGE_LOOP_ANALYSIS = YES;
				CLANG_WARN_STRICT_PROTOTYPES = YES;
				CLANG_WARN_SUSPICIOUS_MOVE = YES;
				CLANG_WARN_UNGUARDED_AVAILABILITY = YES_AGGRESSIVE;
				CLANG_WARN_UNREACHABLE_CODE = YES;
				CLANG_WARN__DUPLICATE_METHOD_MATCH = YES;
				COPY_PHASE_STRIP = NO;
				DEBUG_INFORMATION_FORMAT = dwarf;
				ENABLE_STRICT_OBJC_MSGSEND = YES;
				ENABLE_TESTABILITY = YES;
				ENABLE_USER_SCRIPT_SANDBOXING = YES;
				GCC_C_LANGUAGE_STANDARD = gnu17;
				GCC_DYNAMIC_NO_PIC = NO;
				GCC_NO_COMMON_BLOCKS = YES;
				GCC_OPTIMIZATION_LEVEL = 0;
				GCC_PREPROCESSOR_DEFINITIONS = (
					"DEBUG=1",
					"$(inherited)",
				);
				GCC_WARN_64_TO_32_BIT_CONVERSION = YES;
				GCC_WARN_ABOUT_RETURN_TYPE = YES_ERROR;
				GCC_WARN_UNDECLARED_SELECTOR = YES;
				GCC_WARN_UNINITIALIZED_AUTOS = YES_AGGRESSIVE;
				GCC_WARN_UNUSED_FUNCTION = YES;
				GCC_WARN_UNUSED_VARIABLE = YES;
				IPHONEOS_DEPLOYMENT_TARGET = 17.2;
				LOCALIZATION_PREFERS_STRING_CATALOGS = YES;
				MTL_ENABLE_DEBUG_INFO = INCLUDE_SOURCE;
				MTL_FAST_MATH = YES;
				ONLY_ACTIVE_ARCH = YES;
				SDKROOT = iphoneos;
				SWIFT_ACTIVE_COMPILATION_CONDITIONS = "DEBUG $(inherited)";
				SWIFT_OPTIMIZATION_LEVEL = "-Onone";
			};
			name = Debug;
		};
		AD5E1D8E2BC7A9C400D9A69A /* Release */ = {
			isa = XCBuildConfiguration;
			buildSettings = {
				ALWAYS_SEARCH_USER_PATHS = NO;
				ASSETCATALOG_COMPILER_GENERATE_SWIFT_ASSET_SYMBOL_EXTENSIONS = YES;
				CLANG_ANALYZER_NONNULL = YES;
				CLANG_ANALYZER_NUMBER_OBJECT_CONVERSION = YES_AGGRESSIVE;
				CLANG_CXX_LANGUAGE_STANDARD = "gnu++20";
				CLANG_ENABLE_MODULES = YES;
				CLANG_ENABLE_OBJC_ARC = YES;
				CLANG_ENABLE_OBJC_WEAK = YES;
				CLANG_WARN_BLOCK_CAPTURE_AUTORELEASING = YES;
				CLANG_WARN_BOOL_CONVERSION = YES;
				CLANG_WARN_COMMA = YES;
				CLANG_WARN_CONSTANT_CONVERSION = YES;
				CLANG_WARN_DEPRECATED_OBJC_IMPLEMENTATIONS = YES;
				CLANG_WARN_DIRECT_OBJC_ISA_USAGE = YES_ERROR;
				CLANG_WARN_DOCUMENTATION_COMMENTS = YES;
				CLANG_WARN_EMPTY_BODY = YES;
				CLANG_WARN_ENUM_CONVERSION = YES;
				CLANG_WARN_INFINITE_RECURSION = YES;
				CLANG_WARN_INT_CONVERSION = YES;
				CLANG_WARN_NON_LITERAL_NULL_CONVERSION = YES;
				CLANG_WARN_OBJC_IMPLICIT_RETAIN_SELF = YES;
				CLANG_WARN_OBJC_LITERAL_CONVERSION = YES;
				CLANG_WARN_OBJC_ROOT_CLASS = YES_ERROR;
				CLANG_WARN_QUOTED_INCLUDE_IN_FRAMEWORK_HEADER = YES;
				CLANG_WARN_RANGE_LOOP_ANALYSIS = YES;
				CLANG_WARN_STRICT_PROTOTYPES = YES;
				CLANG_WARN_SUSPICIOUS_MOVE = YES;
				CLANG_WARN_UNGUARDED_AVAILABILITY = YES_AGGRESSIVE;
				CLANG_WARN_UNREACHABLE_CODE = YES;
				CLANG_WARN__DUPLICATE_METHOD_MATCH = YES;
				COPY_PHASE_STRIP = NO;
				DEBUG_INFORMATION_FORMAT = "dwarf-with-dsym";
				ENABLE_NS_ASSERTIONS = NO;
				ENABLE_STRICT_OBJC_MSGSEND = YES;
				ENABLE_USER_SCRIPT_SANDBOXING = YES;
				GCC_C_LANGUAGE_STANDARD = gnu17;
				GCC_NO_COMMON_BLOCKS = YES;
				GCC_WARN_64_TO_32_BIT_CONVERSION = YES;
				GCC_WARN_ABOUT_RETURN_TYPE = YES_ERROR;
				GCC_WARN_UNDECLARED_SELECTOR = YES;
				GCC_WARN_UNINITIALIZED_AUTOS = YES_AGGRESSIVE;
				GCC_WARN_UNUSED_FUNCTION = YES;
				GCC_WARN_UNUSED_VARIABLE = YES;
				IPHONEOS_DEPLOYMENT_TARGET = 17.2;
				LOCALIZATION_PREFERS_STRING_CATALOGS = YES;
				MTL_ENABLE_DEBUG_INFO = NO;
				MTL_FAST_MATH = YES;
				SDKROOT = iphoneos;
				SWIFT_COMPILATION_MODE = wholemodule;
				VALIDATE_PRODUCT = YES;
			};
			name = Release;
		};
		AD5E1D902BC7A9C400D9A69A /* Debug */ = {
			isa = XCBuildConfiguration;
			buildSettings = {
				ASSETCATALOG_COMPILER_APPICON_NAME = AppIcon;
				ASSETCATALOG_COMPILER_GLOBAL_ACCENT_COLOR_NAME = AccentColor;
				CODE_SIGN_STYLE = Automatic;
				CURRENT_PROJECT_VERSION = 1;
				DEVELOPMENT_ASSET_PATHS = "\"JPApexPredators17/Preview Content\"";
				ENABLE_PREVIEWS = YES;
				GENERATE_INFOPLIST_FILE = YES;
				INFOPLIST_KEY_UIApplicationSceneManifest_Generation = YES;
				INFOPLIST_KEY_UIApplicationSupportsIndirectInputEvents = YES;
				INFOPLIST_KEY_UILaunchScreen_Generation = YES;
				INFOPLIST_KEY_UISupportedInterfaceOrientations_iPad = "UIInterfaceOrientationPortrait UIInterfaceOrientationPortraitUpsideDown UIInterfaceOrientationLandscapeLeft UIInterfaceOrientationLandscapeRight";
				INFOPLIST_KEY_UISupportedInterfaceOrientations_iPhone = "UIInterfaceOrientationPortrait UIInterfaceOrientationLandscapeLeft UIInterfaceOrientationLandscapeRight";
				LD_RUNPATH_SEARCH_PATHS = (
					"$(inherited)",
					"@executable_path/Frameworks",
				);
				MARKETING_VERSION = 1.0;
				PRODUCT_BUNDLE_IDENTIFIER = com.akapps.JPApexPredators17;
				PRODUCT_NAME = "$(TARGET_NAME)";
				SWIFT_EMIT_LOC_STRINGS = YES;
				SWIFT_VERSION = 5.0;
				TARGETED_DEVICE_FAMILY = "1,2";
			};
			name = Debug;
		};
		AD5E1D912BC7A9C400D9A69A /* Release */ = {
			isa = XCBuildConfiguration;
			buildSettings = {
				ASSETCATALOG_COMPILER_APPICON_NAME = AppIcon;
				ASSETCATALOG_COMPILER_GLOBAL_ACCENT_COLOR_NAME = AccentColor;
				CODE_SIGN_STYLE = Automatic;
				CURRENT_PROJECT_VERSION = 1;
				DEVELOPMENT_ASSET_PATHS = "\"JPApexPredators17/Preview Content\"";
				ENABLE_PREVIEWS = YES;
				GENERATE_INFOPLIST_FILE = YES;
				INFOPLIST_KEY_UIApplicationSceneManifest_Generation = YES;
				INFOPLIST_KEY_UIApplicationSupportsIndirectInputEvents = YES;
				INFOPLIST_KEY_UILaunchScreen_Generation = YES;
				INFOPLIST_KEY_UISupportedInterfaceOrientations_iPad = "UIInterfaceOrientationPortrait UIInterfaceOrientationPortraitUpsideDown UIInterfaceOrientationLandscapeLeft UIInterfaceOrientationLandscapeRight";
				INFOPLIST_KEY_UISupportedInterfaceOrientations_iPhone = "UIInterfaceOrientationPortrait UIInterfaceOrientationLandscapeLeft UIInterfaceOrientationLandscapeRight";
				LD_RUNPATH_SEARCH_PATHS = (
					"$(inherited)",
					"@executable_path/Frameworks",
				);
				MARKETING_VERSION = 1.0;
				PRODUCT_BUNDLE_IDENTIFIER = com.akapps.JPApexPredators17;
				PRODUCT_NAME = "$(TARGET_NAME)";
				SWIFT_EMIT_LOC_STRINGS = YES;
				SWIFT_VERSION = 5.0;
				TARGETED_DEVICE_FAMILY = "1,2";
			};
			name = Release;
		};
/* End XCBuildConfiguration section */

/* Begin XCConfigurationList section */
		AD3B51CA2BCFB86700834D0A /* Build configuration list for PBXNativeTarget "ApexStickers" */ = {
			isa = XCConfigurationList;
			buildConfigurations = (
				AD3B51CB2BCFB86700834D0A /* Debug */,
				AD3B51CC2BCFB86700834D0A /* Release */,
			);
			defaultConfigurationIsVisible = 0;
			defaultConfigurationName = Release;
		};
		AD5E1D7C2BC7A9C200D9A69A /* Build configuration list for PBXProject "JPApexPredators17" */ = {
			isa = XCConfigurationList;
			buildConfigurations = (
				AD5E1D8D2BC7A9C400D9A69A /* Debug */,
				AD5E1D8E2BC7A9C400D9A69A /* Release */,
			);
			defaultConfigurationIsVisible = 0;
			defaultConfigurationName = Release;
		};
		AD5E1D8F2BC7A9C400D9A69A /* Build configuration list for PBXNativeTarget "JPApexPredators17" */ = {
			isa = XCConfigurationList;
			buildConfigurations = (
				AD5E1D902BC7A9C400D9A69A /* Debug */,
				AD5E1D912BC7A9C400D9A69A /* Release */,
			);
			defaultConfigurationIsVisible = 0;
			defaultConfigurationName = Release;
		};
/* End XCConfigurationList section */
	};
	rootObject = AD5E1D792BC7A9C200D9A69A /* Project object */;
}
